
Microsoft Visual Studio Solution File, Format Version 12.00
# Visual Studio Version 16
VisualStudioVersion = 16.0.34114.132
MinimumVisualStudioVersion = 10.0.40219.1
Project("{FAE04EC0-301F-11D3-BF4B-00C04F79EFBC}") = "SocketGameServer", "SocketGameServer.csproj", "{5ACCF670-59DB-49DA-80BD-6721432CC9FD}"
EndProject
Global
	GlobalSection(SolutionConfigurationPlatforms) = preSolution
		Debug|Any CPU = Debug|Any CPU
		Release|Any CPU = Release|Any CPU
	EndGlobalSection
	GlobalSection(ProjectConfigurationPlatforms) = postSolution
		{5ACCF670-59DB-49DA-80BD-6721432CC9FD}.Debug|Any CPU.ActiveCfg = Debug|Any CPU
		{5ACCF670-59DB-49DA-80BD-6721432CC9FD}.Debug|Any CPU.Build.0 = Debug|Any CPU
		{5ACCF670-59DB-49DA-80BD-6721432CC9FD}.Release|Any CPU.ActiveCfg = Release|Any CPU
		{5ACCF670-59DB-49DA-80BD-6721432CC9FD}.Release|Any CPU.Build.0 = Release|Any CPU
	EndGlobalSection
	GlobalSection(SolutionProperties) = preSolution
		HideSolutionNode = FALSE
	EndGlobalSection
	GlobalSection(ExtensibilityGlobals) = postSolution
		SolutionGuid = {3A0AC1FC-DF5B-49E3-8786-9759744B20FF}
	EndGlobalSection
EndGlobal
